
Microsoft Visual Studio Solution File, Format Version 12.00
# Visual Studio Version 18
VisualStudioVersion = 18.6.11828.311 oobstable
MinimumVisualStudioVersion = 10.0.40219.1
Project("{FAE04EC0-301F-11D3-BF4B-00C04F79EFBC}") = "Smartphone-LiveCamera", "Smartphone-LiveCamera.csproj", "{D4AA1744-5E32-5A83-F4F4-D3EAA3C71F3F}"
EndProject
Global
	GlobalSection(SolutionConfigurationPlatforms) = preSolution
		Debug|Any CPU = Debug|Any CPU
		Release|Any CPU = Release|Any CPU
	EndGlobalSection
	GlobalSection(ProjectConfigurationPlatforms) = postSolution
		{D4AA1744-5E32-5A83-F4F4-D3EAA3C71F3F}.Debug|Any CPU.ActiveCfg = Debug|Any CPU
		{D4AA1744-5E32-5A83-F4F4-D3EAA3C71F3F}.Debug|Any CPU.Build.0 = Debug|Any CPU
		{D4AA1744-5E32-5A83-F4F4-D3EAA3C71F3F}.Release|Any CPU.ActiveCfg = Release|Any CPU
		{D4AA1744-5E32-5A83-F4F4-D3EAA3C71F3F}.Release|Any CPU.Build.0 = Release|Any CPU
	EndGlobalSection
	GlobalSection(SolutionProperties) = preSolution
		HideSolutionNode = FALSE
	EndGlobalSection
	GlobalSection(ExtensibilityGlobals) = postSolution
		SolutionGuid = {16F15C9A-E8ED-41F0-8290-80376A2AA627}
	EndGlobalSection
EndGlobal
